
Microsoft Visual Studio Solution File, Format Version 12.00
# Visual Studio Version 17
VisualStudioVersion = 17.3.32901.215
MinimumVisualStudioVersion = 10.0.40219.1
Project("{FAE04EC0-301F-11D3-BF4B-00C04F79EFBC}") = "App.BlobExamples", "App.BlobExamples\App.BlobExamples.csproj", "{C5FD03F9-5837-407B-B6BF-35DD84F9546B}"
EndProject
Global
	GlobalSection(SolutionConfigurationPlatforms) = preSolution
		Debug|Any CPU = Debug|Any CPU
		Release|Any CPU = Release|Any CPU
	EndGlobalSection
	GlobalSection(ProjectConfigurationPlatforms) = postSolution
		{C5FD03F9-5837-407B-B6BF-35DD84F9546B}.Debug|Any CPU.ActiveCfg = Debug|Any CPU
		{C5FD03F9-5837-407B-B6BF-35DD84F9546B}.Debug|Any CPU.Build.0 = Debug|Any CPU
		{C5FD03F9-5837-407B-B6BF-35DD84F9546B}.Release|Any CPU.ActiveCfg = Release|Any CPU
		{C5FD03F9-5837-407B-B6BF-35DD84F9546B}.Release|Any CPU.Build.0 = Release|Any CPU
	EndGlobalSection
	GlobalSection(SolutionProperties) = preSolution
		HideSolutionNode = FALSE
	EndGlobalSection
	GlobalSection(ExtensibilityGlobals) = postSolution
		SolutionGuid = {55FE6D6A-69D0-4347-950D-E368ECC1A7A9}
	EndGlobalSection
EndGlobal
